// !$*UTF8*$!
{
	archiveVersion = 1;
	classes = {
	};
	objectVersion = 46;
	objects = {

/* Begin PBXBuildFile section */
		7A1C25B028BEB45E00EAFA65 /* DeviceShadow.swift in Sources */ = {isa = PBXBuildFile; fileRef = 7A1C25AF28BEB45E00EAFA65 /* DeviceShadow.swift */; };
		7A5E4D84295D121500D82293 /* AsReaderDockSDK.framework in Frameworks */ = {isa = PBXBuildFile; fileRef = 7A5E4D83295D121500D82293 /* AsReaderDockSDK.framework */; };
		7A5E4D85295D124600D82293 /* AsReaderDockSDK.framework in Frameworks */ = {isa = PBXBuildFile; fileRef = 7A5E4D83295D121500D82293 /* AsReaderDockSDK.framework */; };
		7A6B087929A619D900A3E284 /* UtilsTest.swift in Sources */ = {isa = PBXBuildFile; fileRef = 7A6B087829A619D900A3E284 /* UtilsTest.swift */; };
		7A738D1428BD67C100FED787 /* SimulatedDriver.swift in Sources */ = {isa = PBXBuildFile; fileRef = 7A738D1328BD67C100FED787 /* SimulatedDriver.swift */; };
		7A738D1828BD734900FED787 /* DeviceAsReader.swift in Sources */ = {isa = PBXBuildFile; fileRef = 7A738D1728BD734900FED787 /* DeviceAsReader.swift */; };
		7A829ECB2981EBD4006A4871 /* utils.swift in Sources */ = {isa = PBXBuildFile; fileRef = 7A829ECA2981EBD4006A4871 /* utils.swift */; };
		7A829ECE2981FECD006A4871 /* utils.swift in Sources */ = {isa = PBXBuildFile; fileRef = 7A829ECA2981EBD4006A4871 /* utils.swift */; };
		7AAF8D0728D1006B00A4462D /* DeviceMock.swift in Sources */ = {isa = PBXBuildFile; fileRef = 7A738D0928BD5DAA00FED787 /* DeviceMock.swift */; };
		7ACABC9C28DBCFBB007E804A /* ReaderDriverTest.swift in Sources */ = {isa = PBXBuildFile; fileRef = 7ACABC9A28DBCFBB007E804A /* ReaderDriverTest.swift */; };
		7ACABC9D28DBCFBB007E804A /* AsReaderDockDriverTest.swift in Sources */ = {isa = PBXBuildFile; fileRef = 7ACABC9B28DBCFBB007E804A /* AsReaderDockDriverTest.swift */; };
		7ACABC9E28DBCFD1007E804A /* SimulatedDriver.swift in Sources */ = {isa = PBXBuildFile; fileRef = 7A738D1328BD67C100FED787 /* SimulatedDriver.swift */; };
		7ACABC9F28DBD034007E804A /* DeviceShadow.swift in Sources */ = {isa = PBXBuildFile; fileRef = 7A1C25AF28BEB45E00EAFA65 /* DeviceShadow.swift */; };
		7ACABCA028DBD052007E804A /* AsReaderDockDriver.swift in Sources */ = {isa = PBXBuildFile; fileRef = 7ADBBC4D28A43570006494F1 /* AsReaderDockDriver.swift */; };
		7ACABCA128DBD083007E804A /* ReaderDriver.swift in Sources */ = {isa = PBXBuildFile; fileRef = 7ADBBC4828A43570006494F1 /* ReaderDriver.swift */; };
		7ACABCA228DBD087007E804A /* Tag.swift in Sources */ = {isa = PBXBuildFile; fileRef = 7ADBBC4B28A43570006494F1 /* Tag.swift */; };
		7ACABCA328DBD08A007E804A /* UnloadedDriver.swift in Sources */ = {isa = PBXBuildFile; fileRef = 7ADBBC4C28A43570006494F1 /* UnloadedDriver.swift */; };
		7ADBBC4128A43333006494F1 /* libRNEdgeDriverIOS.a in Frameworks */ = {isa = PBXBuildFile; fileRef = 134814201AA4EA6300B7C361 /* libRNEdgeDriverIOS.a */; };
		7ADBBC4F28A43570006494F1 /* ReaderDriver.swift in Sources */ = {isa = PBXBuildFile; fileRef = 7ADBBC4828A43570006494F1 /* ReaderDriver.swift */; };
		7ADBBC5228A43570006494F1 /* Tag.swift in Sources */ = {isa = PBXBuildFile; fileRef = 7ADBBC4B28A43570006494F1 /* Tag.swift */; };
		7ADBBC5328A43570006494F1 /* UnloadedDriver.swift in Sources */ = {isa = PBXBuildFile; fileRef = 7ADBBC4C28A43570006494F1 /* UnloadedDriver.swift */; };
		7ADBBC5428A43570006494F1 /* AsReaderDockDriver.swift in Sources */ = {isa = PBXBuildFile; fileRef = 7ADBBC4D28A43570006494F1 /* AsReaderDockDriver.swift */; };
		7AE410732967931000C3F737 /* ReaderDriverFactory.swift in Sources */ = {isa = PBXBuildFile; fileRef = 7AE410712967931000C3F737 /* ReaderDriverFactory.swift */; };
		7AE410742967931000C3F737 /* SupportedReader.swift in Sources */ = {isa = PBXBuildFile; fileRef = 7AE410722967931000C3F737 /* SupportedReader.swift */; };
		7AE410792967939E00C3F737 /* AsReaderGunSDK.framework in Frameworks */ = {isa = PBXBuildFile; fileRef = 7AE410772967939E00C3F737 /* AsReaderGunSDK.framework */; };
		7AE4107A2967939E00C3F737 /* AsRingAccessorySDK.framework in Frameworks */ = {isa = PBXBuildFile; fileRef = 7AE410782967939E00C3F737 /* AsRingAccessorySDK.framework */; };
		7AE410852967942900C3F737 /* AsReaderGunDriver.swift in Sources */ = {isa = PBXBuildFile; fileRef = 7AE410802967942900C3F737 /* AsReaderGunDriver.swift */; };
		7AE4108B2967982E00C3F737 /* AsRingAccessorySDK.framework in Frameworks */ = {isa = PBXBuildFile; fileRef = 7AE410782967939E00C3F737 /* AsRingAccessorySDK.framework */; };
		7AE4108C2967982E00C3F737 /* AsReaderGunSDK.framework in Frameworks */ = {isa = PBXBuildFile; fileRef = 7AE410772967939E00C3F737 /* AsReaderGunSDK.framework */; };
		7AE4108D2967989800C3F737 /* SupportedReader.swift in Sources */ = {isa = PBXBuildFile; fileRef = 7AE410722967931000C3F737 /* SupportedReader.swift */; };
/* End PBXBuildFile section */

/* Begin PBXContainerItemProxy section */
		7ADBBC4228A43333006494F1 /* PBXContainerItemProxy */ = {
			isa = PBXContainerItemProxy;
			containerPortal = 58B511D31A9E6C8500147676 /* Project object */;
			proxyType = 1;
			remoteGlobalIDString = 58B511DA1A9E6C8500147676;
			remoteInfo = RNEdgeDriverIOS;
		};
/* End PBXContainerItemProxy section */

/* Begin PBXCopyFilesBuildPhase section */
		58B511D91A9E6C8500147676 /* CopyFiles */ = {
			isa = PBXCopyFilesBuildPhase;
			buildActionMask = 2147483647;
			dstPath = "include/$(PRODUCT_NAME)";
			dstSubfolderSpec = 16;
			files = (
			);
			runOnlyForDeploymentPostprocessing = 0;
		};
/* End PBXCopyFilesBuildPhase section */

/* Begin PBXFileReference section */
		134814201AA4EA6300B7C361 /* libRNEdgeDriverIOS.a */ = {isa = PBXFileReference; explicitFileType = archive.ar; includeInIndex = 0; path = libRNEdgeDriverIOS.a; sourceTree = BUILT_PRODUCTS_DIR; };
		7A1C25AF28BEB45E00EAFA65 /* DeviceShadow.swift */ = {isa = PBXFileReference; fileEncoding = 4; lastKnownFileType = sourcecode.swift; path = DeviceShadow.swift; sourceTree = "<group>"; };
		7A5E4D82295D11E500D82293 /* RNEdgeDriverIOSTests.xctest */ = {isa = PBXFileReference; explicitFileType = wrapper.cfbundle; includeInIndex = 0; path = RNEdgeDriverIOSTests.xctest; sourceTree = BUILT_PRODUCTS_DIR; };
		7A5E4D83295D121500D82293 /* AsReaderDockSDK.framework */ = {isa = PBXFileReference; lastKnownFileType = wrapper.framework; name = AsReaderDockSDK.framework; path = AsReaderDock/AsReaderDockSDK.framework; sourceTree = "<group>"; };
		7A6B087829A619D900A3E284 /* UtilsTest.swift */ = {isa = PBXFileReference; lastKnownFileType = sourcecode.swift; path = UtilsTest.swift; sourceTree = "<group>"; };
		7A738D0928BD5DAA00FED787 /* DeviceMock.swift */ = {isa = PBXFileReference; lastKnownFileType = sourcecode.swift; path = DeviceMock.swift; sourceTree = "<group>"; };
		7A738D1328BD67C100FED787 /* SimulatedDriver.swift */ = {isa = PBXFileReference; fileEncoding = 4; lastKnownFileType = sourcecode.swift; path = SimulatedDriver.swift; sourceTree = "<group>"; };
		7A738D1728BD734900FED787 /* DeviceAsReader.swift */ = {isa = PBXFileReference; lastKnownFileType = sourcecode.swift; path = DeviceAsReader.swift; sourceTree = "<group>"; };
		7A829ECA2981EBD4006A4871 /* utils.swift */ = {isa = PBXFileReference; lastKnownFileType = sourcecode.swift; path = utils.swift; sourceTree = "<group>"; };
		7ACABC9A28DBCFBB007E804A /* ReaderDriverTest.swift */ = {isa = PBXFileReference; fileEncoding = 4; lastKnownFileType = sourcecode.swift; path = ReaderDriverTest.swift; sourceTree = "<group>"; };
		7ACABC9B28DBCFBB007E804A /* AsReaderDockDriverTest.swift */ = {isa = PBXFileReference; fileEncoding = 4; lastKnownFileType = sourcecode.swift; path = AsReaderDockDriverTest.swift; sourceTree = "<group>"; };
		7ADBBC4828A43570006494F1 /* ReaderDriver.swift */ = {isa = PBXFileReference; fileEncoding = 4; lastKnownFileType = sourcecode.swift; path = ReaderDriver.swift; sourceTree = "<group>"; };
		7ADBBC4928A43570006494F1 /* RNReaderModule.m */ = {isa = PBXFileReference; fileEncoding = 4; lastKnownFileType = sourcecode.c.objc; path = RNReaderModule.m; sourceTree = "<group>"; };
		7ADBBC4A28A43570006494F1 /* RNReaderModule.swift */ = {isa = PBXFileReference; fileEncoding = 4; lastKnownFileType = sourcecode.swift; path = RNReaderModule.swift; sourceTree = "<group>"; };
		7ADBBC4B28A43570006494F1 /* Tag.swift */ = {isa = PBXFileReference; fileEncoding = 4; lastKnownFileType = sourcecode.swift; path = Tag.swift; sourceTree = "<group>"; };
		7ADBBC4C28A43570006494F1 /* UnloadedDriver.swift */ = {isa = PBXFileReference; fileEncoding = 4; lastKnownFileType = sourcecode.swift; path = UnloadedDriver.swift; sourceTree = "<group>"; };
		7ADBBC4D28A43570006494F1 /* AsReaderDockDriver.swift */ = {isa = PBXFileReference; fileEncoding = 4; lastKnownFileType = sourcecode.swift; path = AsReaderDockDriver.swift; sourceTree = "<group>"; };
		7AE410712967931000C3F737 /* ReaderDriverFactory.swift */ = {isa = PBXFileReference; fileEncoding = 4; lastKnownFileType = sourcecode.swift; path = ReaderDriverFactory.swift; sourceTree = "<group>"; };
		7AE410722967931000C3F737 /* SupportedReader.swift */ = {isa = PBXFileReference; fileEncoding = 4; lastKnownFileType = sourcecode.swift; path = SupportedReader.swift; sourceTree = "<group>"; };
		7AE410772967939E00C3F737 /* AsReaderGunSDK.framework */ = {isa = PBXFileReference; lastKnownFileType = wrapper.framework; name = AsReaderGunSDK.framework; path = AsReaderGun/AsReaderGunSDK.framework; sourceTree = "<group>"; };
		7AE410782967939E00C3F737 /* AsRingAccessorySDK.framework */ = {isa = PBXFileReference; lastKnownFileType = wrapper.framework; name = AsRingAccessorySDK.framework; path = AsReaderGun/AsRingAccessorySDK.framework; sourceTree = "<group>"; };
		7AE410802967942900C3F737 /* AsReaderGunDriver.swift */ = {isa = PBXFileReference; fileEncoding = 4; lastKnownFileType = sourcecode.swift; path = AsReaderGunDriver.swift; sourceTree = "<group>"; };
/* End PBXFileReference section */

/* Begin PBXFrameworksBuildPhase section */
		58B511D81A9E6C8500147676 /* Frameworks */ = {
			isa = PBXFrameworksBuildPhase;
			buildActionMask = 2147483647;
			files = (
				7AE410792967939E00C3F737 /* AsReaderGunSDK.framework in Frameworks */,
				7AE4107A2967939E00C3F737 /* AsRingAccessorySDK.framework in Frameworks */,
				7A5E4D85295D124600D82293 /* AsReaderDockSDK.framework in Frameworks */,
			);
			runOnlyForDeploymentPostprocessing = 0;
		};
		7ADBBC3A28A43333006494F1 /* Frameworks */ = {
			isa = PBXFrameworksBuildPhase;
			buildActionMask = 2147483647;
			files = (
				7AE4108B2967982E00C3F737 /* AsRingAccessorySDK.framework in Frameworks */,
				7AE4108C2967982E00C3F737 /* AsReaderGunSDK.framework in Frameworks */,
				7A5E4D84295D121500D82293 /* AsReaderDockSDK.framework in Frameworks */,
				7ADBBC4128A43333006494F1 /* libRNEdgeDriverIOS.a in Frameworks */,
			);
			runOnlyForDeploymentPostprocessing = 0;
		};
/* End PBXFrameworksBuildPhase section */

/* Begin PBXGroup section */
		134814211AA4EA7D00B7C361 /* Products */ = {
			isa = PBXGroup;
			children = (
				134814201AA4EA6300B7C361 /* libRNEdgeDriverIOS.a */,
			);
			name = Products;
			sourceTree = "<group>";
		};
		58B511D21A9E6C8500147676 = {
			isa = PBXGroup;
			children = (
				7A829EC92981EBBC006A4871 /* Utils */,
				7A738D0B28BD5FD700FED787 /* AsReaderDock */,
				7AE4107D2967942900C3F737 /* AsReaderGun */,
				7ADBBC4828A43570006494F1 /* ReaderDriver.swift */,
				7AE410712967931000C3F737 /* ReaderDriverFactory.swift */,
				7ADBBC4928A43570006494F1 /* RNReaderModule.m */,
				7ADBBC4A28A43570006494F1 /* RNReaderModule.swift */,
				7A738D1328BD67C100FED787 /* SimulatedDriver.swift */,
				7AE410722967931000C3F737 /* SupportedReader.swift */,
				7ADBBC4B28A43570006494F1 /* Tag.swift */,
				7ADBBC4C28A43570006494F1 /* UnloadedDriver.swift */,
				7AAF8D0628D0FFF900A4462D /* Test */,
				134814211AA4EA7D00B7C361 /* Products */,
				7A1CFA4F287FBE0200EC2A61 /* Frameworks */,
				7A5E4D82295D11E500D82293 /* RNEdgeDriverIOSTests.xctest */,
			);
			sourceTree = "<group>";
		};
		7A1CFA4F287FBE0200EC2A61 /* Frameworks */ = {
			isa = PBXGroup;
			children = (
				7AE410772967939E00C3F737 /* AsReaderGunSDK.framework */,
				7AE410782967939E00C3F737 /* AsRingAccessorySDK.framework */,
				7A5E4D83295D121500D82293 /* AsReaderDockSDK.framework */,
			);
			name = Frameworks;
			sourceTree = "<group>";
		};
		7A738D0B28BD5FD700FED787 /* AsReaderDock */ = {
			isa = PBXGroup;
			children = (
				7A1C25AF28BEB45E00EAFA65 /* DeviceShadow.swift */,
				7ADBBC4D28A43570006494F1 /* AsReaderDockDriver.swift */,
				7A738D1728BD734900FED787 /* DeviceAsReader.swift */,
			);
			path = AsReaderDock;
			sourceTree = "<group>";
		};
		7A829EC92981EBBC006A4871 /* Utils */ = {
			isa = PBXGroup;
			children = (
				7A829ECA2981EBD4006A4871 /* utils.swift */,
			);
			path = Utils;
			sourceTree = "<group>";
		};
		7AAF8D0628D0FFF900A4462D /* Test */ = {
			isa = PBXGroup;
			children = (
				7ACABC9B28DBCFBB007E804A /* AsReaderDockDriverTest.swift */,
				7ACABC9A28DBCFBB007E804A /* ReaderDriverTest.swift */,
				7A738D0928BD5DAA00FED787 /* DeviceMock.swift */,
				7A6B087829A619D900A3E284 /* UtilsTest.swift */,
			);
			path = Test;
			sourceTree = "<group>";
		};
		7AE4107D2967942900C3F737 /* AsReaderGun */ = {
			isa = PBXGroup;
			children = (
				7AE410802967942900C3F737 /* AsReaderGunDriver.swift */,
			);
			path = AsReaderGun;
			sourceTree = "<group>";
		};
/* End PBXGroup section */

/* Begin PBXNativeTarget section */
		58B511DA1A9E6C8500147676 /* RNEdgeDriverIOS */ = {
			isa = PBXNativeTarget;
			buildConfigurationList = 58B511EF1A9E6C8500147676 /* Build configuration list for PBXNativeTarget "RNEdgeDriverIOS" */;
			buildPhases = (
				58B511D71A9E6C8500147676 /* Sources */,
				58B511D81A9E6C8500147676 /* Frameworks */,
				58B511D91A9E6C8500147676 /* CopyFiles */,
			);
			buildRules = (
			);
			dependencies = (
			);
			name = RNEdgeDriverIOS;
			productName = RCTDataManager;
			productReference = 134814201AA4EA6300B7C361 /* libRNEdgeDriverIOS.a */;
			productType = "com.apple.product-type.library.static";
		};
		7ADBBC3C28A43333006494F1 /* RNEdgeDriverIOSTests */ = {
			isa = PBXNativeTarget;
			buildConfigurationList = 7ADBBC4628A43333006494F1 /* Build configuration list for PBXNativeTarget "RNEdgeDriverIOSTests" */;
			buildPhases = (
				7ADBBC3928A43333006494F1 /* Sources */,
				7ADBBC3A28A43333006494F1 /* Frameworks */,
				7ADBBC3B28A43333006494F1 /* Resources */,
			);
			buildRules = (
			);
			dependencies = (
				7ADBBC4328A43333006494F1 /* PBXTargetDependency */,
			);
			name = RNEdgeDriverIOSTests;
			productName = RNEdgeDriverIOSTests;
			productReference = 7A5E4D82295D11E500D82293 /* RNEdgeDriverIOSTests.xctest */;
			productType = "com.apple.product-type.bundle.unit-test";
		};
/* End PBXNativeTarget section */

/* Begin PBXProject section */
		58B511D31A9E6C8500147676 /* Project object */ = {
			isa = PBXProject;
			attributes = {
				LastSwiftUpdateCheck = 1340;
				LastUpgradeCheck = 0830;
				ORGANIZATIONNAME = "";
				TargetAttributes = {
					58B511DA1A9E6C8500147676 = {
						CreatedOnToolsVersion = 6.1.1;
						LastSwiftMigration = 1340;
					};
					7ADBBC3C28A43333006494F1 = {
						CreatedOnToolsVersion = 13.4.1;
						DevelopmentTeam = Q6VX3LF7ZM;
						ProvisioningStyle = Automatic;
					};
				};
			};
			buildConfigurationList = 58B511D61A9E6C8500147676 /* Build configuration list for PBXProject "RNEdgeDriverIOS" */;
			compatibilityVersion = "Xcode 3.2";
			developmentRegion = English;
			hasScannedForEncodings = 0;
			knownRegions = (
				English,
				en,
			);
			mainGroup = 58B511D21A9E6C8500147676;
			productRefGroup = 58B511D21A9E6C8500147676;
			projectDirPath = "";
			projectRoot = "";
			targets = (
				58B511DA1A9E6C8500147676 /* RNEdgeDriverIOS */,
				7ADBBC3C28A43333006494F1 /* RNEdgeDriverIOSTests */,
			);
		};
/* End PBXProject section */

/* Begin PBXResourcesBuildPhase section */
		7ADBBC3B28A43333006494F1 /* Resources */ = {
			isa = PBXResourcesBuildPhase;
			buildActionMask = 2147483647;
			files = (
			);
			runOnlyForDeploymentPostprocessing = 0;
		};
/* End PBXResourcesBuildPhase section */

/* Begin PBXSourcesBuildPhase section */
		58B511D71A9E6C8500147676 /* Sources */ = {
			isa = PBXSourcesBuildPhase;
			buildActionMask = 2147483647;
			files = (
				7ADBBC5428A43570006494F1 /* AsReaderDockDriver.swift in Sources */,
				7AE410852967942900C3F737 /* AsReaderGunDriver.swift in Sources */,
				7A738D1828BD734900FED787 /* DeviceAsReader.swift in Sources */,
				7A1C25B028BEB45E00EAFA65 /* DeviceShadow.swift in Sources */,
				7AE410732967931000C3F737 /* ReaderDriverFactory.swift in Sources */,
				7A738D1428BD67C100FED787 /* SimulatedDriver.swift in Sources */,
				7AE410742967931000C3F737 /* SupportedReader.swift in Sources */,
				7ADBBC4F28A43570006494F1 /* ReaderDriver.swift in Sources */,
				7ADBBC5228A43570006494F1 /* Tag.swift in Sources */,
				7ADBBC5328A43570006494F1 /* UnloadedDriver.swift in Sources */,
				7A829ECB2981EBD4006A4871 /* utils.swift in Sources */,
			);
			runOnlyForDeploymentPostprocessing = 0;
		};
		7ADBBC3928A43333006494F1 /* Sources */ = {
			isa = PBXSourcesBuildPhase;
			buildActionMask = 2147483647;
			files = (
				7ACABCA028DBD052007E804A /* AsReaderDockDriver.swift in Sources */,
				7ACABC9D28DBCFBB007E804A /* AsReaderDockDriverTest.swift in Sources */,
				7AAF8D0728D1006B00A4462D /* DeviceMock.swift in Sources */,
				7ACABC9F28DBD034007E804A /* DeviceShadow.swift in Sources */,
				7ACABCA128DBD083007E804A /* ReaderDriver.swift in Sources */,
				7ACABC9C28DBCFBB007E804A /* ReaderDriverTest.swift in Sources */,
				7ACABC9E28DBCFD1007E804A /* SimulatedDriver.swift in Sources */,
				7A6B087929A619D900A3E284 /* UtilsTest.swift in Sources */,
				7AE4108D2967989800C3F737 /* SupportedReader.swift in Sources */,
				7ACABCA228DBD087007E804A /* Tag.swift in Sources */,
				7ACABCA328DBD08A007E804A /* UnloadedDriver.swift in Sources */,
				7A829ECE2981FECD006A4871 /* utils.swift in Sources */,
			);
			runOnlyForDeploymentPostprocessing = 0;
		};
/* End PBXSourcesBuildPhase section */

/* Begin PBXTargetDependency section */
		7ADBBC4328A43333006494F1 /* PBXTargetDependency */ = {
			isa = PBXTargetDependency;
			target = 58B511DA1A9E6C8500147676 /* RNEdgeDriverIOS */;
			targetProxy = 7ADBBC4228A43333006494F1 /* PBXContainerItemProxy */;
		};
/* End PBXTargetDependency section */

/* Begin XCBuildConfiguration section */
		58B511ED1A9E6C8500147676 /* Debug */ = {
			isa = XCBuildConfiguration;
			buildSettings = {
				ALWAYS_SEARCH_USER_PATHS = NO;
				CLANG_CXX_LANGUAGE_STANDARD = "gnu++0x";
				CLANG_CXX_LIBRARY = "libc++";
				CLANG_ENABLE_MODULES = YES;
				CLANG_ENABLE_OBJC_ARC = YES;
				CLANG_WARN_BOOL_CONVERSION = YES;
				CLANG_WARN_CONSTANT_CONVERSION = YES;
				CLANG_WARN_DIRECT_OBJC_ISA_USAGE = YES_ERROR;
				CLANG_WARN_EMPTY_BODY = YES;
				CLANG_WARN_ENUM_CONVERSION = YES;
				CLANG_WARN_INFINITE_RECURSION = YES;
				CLANG_WARN_INT_CONVERSION = YES;
				CLANG_WARN_OBJC_ROOT_CLASS = YES_ERROR;
				CLANG_WARN_SUSPICIOUS_MOVE = YES;
				CLANG_WARN_UNREACHABLE_CODE = YES;
				CLANG_WARN__DUPLICATE_METHOD_MATCH = YES;
				COPY_PHASE_STRIP = NO;
				ENABLE_STRICT_OBJC_MSGSEND = YES;
				ENABLE_TESTABILITY = YES;
				GCC_C_LANGUAGE_STANDARD = gnu99;
				GCC_DYNAMIC_NO_PIC = NO;
				GCC_NO_COMMON_BLOCKS = YES;
				GCC_OPTIMIZATION_LEVEL = 0;
				GCC_PREPROCESSOR_DEFINITIONS = (
					"DEBUG=1",
					"$(inherited)",
				);
				GCC_SYMBOLS_PRIVATE_EXTERN = NO;
				GCC_WARN_64_TO_32_BIT_CONVERSION = YES;
				GCC_WARN_ABOUT_RETURN_TYPE = YES_ERROR;
				GCC_WARN_UNDECLARED_SELECTOR = YES;
				GCC_WARN_UNINITIALIZED_AUTOS = YES_AGGRESSIVE;
				GCC_WARN_UNUSED_FUNCTION = YES;
				GCC_WARN_UNUSED_VARIABLE = YES;
				IPHONEOS_DEPLOYMENT_TARGET = 8.0;
				MTL_ENABLE_DEBUG_INFO = YES;
				ONLY_ACTIVE_ARCH = YES;
				SDKROOT = iphoneos;
			};
			name = Debug;
		};
		58B511EE1A9E6C8500147676 /* Release */ = {
			isa = XCBuildConfiguration;
			buildSettings = {
				ALWAYS_SEARCH_USER_PATHS = NO;
				CLANG_CXX_LANGUAGE_STANDARD = "gnu++0x";
				CLANG_CXX_LIBRARY = "libc++";
				CLANG_ENABLE_MODULES = YES;
				CLANG_ENABLE_OBJC_ARC = YES;
				CLANG_WARN_BOOL_CONVERSION = YES;
				CLANG_WARN_CONSTANT_CONVERSION = YES;
				CLANG_WARN_DIRECT_OBJC_ISA_USAGE = YES_ERROR;
				CLANG_WARN_EMPTY_BODY = YES;
				CLANG_WARN_ENUM_CONVERSION = YES;
				CLANG_WARN_INFINITE_RECURSION = YES;
				CLANG_WARN_INT_CONVERSION = YES;
				CLANG_WARN_OBJC_ROOT_CLASS = YES_ERROR;
				CLANG_WARN_SUSPICIOUS_MOVE = YES;
				CLANG_WARN_UNREACHABLE_CODE = YES;
				CLANG_WARN__DUPLICATE_METHOD_MATCH = YES;
				COPY_PHASE_STRIP = YES;
				ENABLE_NS_ASSERTIONS = NO;
				ENABLE_STRICT_OBJC_MSGSEND = YES;
				GCC_C_LANGUAGE_STANDARD = gnu99;
				GCC_NO_COMMON_BLOCKS = YES;
				GCC_WARN_64_TO_32_BIT_CONVERSION = YES;
				GCC_WARN_ABOUT_RETURN_TYPE = YES_ERROR;
				GCC_WARN_UNDECLARED_SELECTOR = YES;
				GCC_WARN_UNINITIALIZED_AUTOS = YES_AGGRESSIVE;
				GCC_WARN_UNUSED_FUNCTION = YES;
				GCC_WARN_UNUSED_VARIABLE = YES;
				IPHONEOS_DEPLOYMENT_TARGET = 8.0;
				MTL_ENABLE_DEBUG_INFO = NO;
				SDKROOT = iphoneos;
				VALIDATE_PRODUCT = YES;
			};
			name = Release;
		};
		58B511F01A9E6C8500147676 /* Debug */ = {
			isa = XCBuildConfiguration;
			buildSettings = {
				BUILD_LIBRARY_FOR_DISTRIBUTION = NO;
				CLANG_ENABLE_MODULES = YES;
				FRAMEWORK_SEARCH_PATHS = (
					"$(inherited)",
					"$(PROJECT_DIR)",
					"$(PROJECT_DIR)/AsReaderDock",
					"$(PROJECT_DIR)/AsReaderGun",
				);
				HEADER_SEARCH_PATHS = (
					"$(inherited)",
					/Applications/Xcode.app/Contents/Developer/Toolchains/XcodeDefault.xctoolchain/usr/include,
					"$(SRCROOT)/../../../React/**",
					"$(SRCROOT)/../../react-native/React/**",
				);
				LD_RUNPATH_SEARCH_PATHS = "$(inherited) @executable_path/Frameworks @loader_path/Frameworks";
				LIBRARY_SEARCH_PATHS = "$(inherited)";
				OTHER_LDFLAGS = "-ObjC";
				PRODUCT_NAME = RNEdgeDriverIOS;
				SKIP_INSTALL = YES;
				SWIFT_OBJC_BRIDGING_HEADER = "";
				SWIFT_OPTIMIZATION_LEVEL = "-Onone";
				SWIFT_VERSION = 5.0;
			};
			name = Debug;
		};
		58B511F11A9E6C8500147676 /* Release */ = {
			isa = XCBuildConfiguration;
			buildSettings = {
				BUILD_LIBRARY_FOR_DISTRIBUTION = NO;
				CLANG_ENABLE_MODULES = YES;
				FRAMEWORK_SEARCH_PATHS = (
					"$(inherited)",
					"$(PROJECT_DIR)",
					"$(PROJECT_DIR)/AsReaderDock",
					"$(PROJECT_DIR)/AsReaderGun",
				);
				HEADER_SEARCH_PATHS = (
					"$(inherited)",
					/Applications/Xcode.app/Contents/Developer/Toolchains/XcodeDefault.xctoolchain/usr/include,
					"$(SRCROOT)/../../../React/**",
					"$(SRCROOT)/../../react-native/React/**",
				);
				LD_RUNPATH_SEARCH_PATHS = "$(inherited) @executable_path/Frameworks @loader_path/Frameworks";
				LIBRARY_SEARCH_PATHS = "$(inherited)";
				OTHER_LDFLAGS = "-ObjC";
				PRODUCT_NAME = RNEdgeDriverIOS;
				SKIP_INSTALL = YES;
				SWIFT_OBJC_BRIDGING_HEADER = "";
				SWIFT_VERSION = 5.0;
			};
			name = Release;
		};
		7ADBBC4428A43333006494F1 /* Debug */ = {
			isa = XCBuildConfiguration;
			buildSettings = {
				ALWAYS_EMBED_SWIFT_STANDARD_LIBRARIES = YES;
				CLANG_ANALYZER_NONNULL = YES;
				CLANG_ANALYZER_NUMBER_OBJECT_CONVERSION = YES_AGGRESSIVE;
				CLANG_CXX_LANGUAGE_STANDARD = "gnu++17";
				CLANG_ENABLE_OBJC_WEAK = YES;
				CLANG_WARN_BLOCK_CAPTURE_AUTORELEASING = YES;
				CLANG_WARN_COMMA = YES;
				CLANG_WARN_DEPRECATED_OBJC_IMPLEMENTATIONS = YES;
				CLANG_WARN_DOCUMENTATION_COMMENTS = YES;
				CLANG_WARN_NON_LITERAL_NULL_CONVERSION = YES;
				CLANG_WARN_OBJC_IMPLICIT_RETAIN_SELF = YES;
				CLANG_WARN_OBJC_LITERAL_CONVERSION = YES;
				CLANG_WARN_QUOTED_INCLUDE_IN_FRAMEWORK_HEADER = YES;
				CLANG_WARN_RANGE_LOOP_ANALYSIS = YES;
				CLANG_WARN_STRICT_PROTOTYPES = YES;
				CLANG_WARN_UNGUARDED_AVAILABILITY = YES_AGGRESSIVE;
				CODE_SIGN_STYLE = Automatic;
				CURRENT_PROJECT_VERSION = 1;
				DEBUG_INFORMATION_FORMAT = dwarf;
				DEVELOPMENT_TEAM = Q6VX3LF7ZM;
				FRAMEWORK_SEARCH_PATHS = (
					"$(inherited)",
					"$(PROJECT_DIR)",
					"$(PROJECT_DIR)/AsReaderDock",
					"$(PROJECT_DIR)/AsReaderGun",
				);
				GCC_C_LANGUAGE_STANDARD = gnu11;
				GENERATE_INFOPLIST_FILE = YES;
				IPHONEOS_DEPLOYMENT_TARGET = 11.0;
				MARKETING_VERSION = 1.0;
				MTL_ENABLE_DEBUG_INFO = INCLUDE_SOURCE;
				MTL_FAST_MATH = YES;
				PRODUCT_BUNDLE_IDENTIFIER = com.xemelgo.RNEdgeDriverIOSTests;
				PRODUCT_NAME = "$(TARGET_NAME)";
				SWIFT_ACTIVE_COMPILATION_CONDITIONS = DEBUG;
				SWIFT_EMIT_LOC_STRINGS = NO;
				SWIFT_OPTIMIZATION_LEVEL = "-Onone";
				SWIFT_VERSION = 5.0;
				TARGETED_DEVICE_FAMILY = "1,2";
			};
			name = Debug;
		};
		7ADBBC4528A43333006494F1 /* Release */ = {
			isa = XCBuildConfiguration;
			buildSettings = {
				ALWAYS_EMBED_SWIFT_STANDARD_LIBRARIES = YES;
				CLANG_ANALYZER_NONNULL = YES;
				CLANG_ANALYZER_NUMBER_OBJECT_CONVERSION = YES_AGGRESSIVE;
				CLANG_CXX_LANGUAGE_STANDARD = "gnu++17";
				CLANG_ENABLE_OBJC_WEAK = YES;
				CLANG_WARN_BLOCK_CAPTURE_AUTORELEASING = YES;
				CLANG_WARN_COMMA = YES;
				CLANG_WARN_DEPRECATED_OBJC_IMPLEMENTATIONS = YES;
				CLANG_WARN_DOCUMENTATION_COMMENTS = YES;
				CLANG_WARN_NON_LITERAL_NULL_CONVERSION = YES;
				CLANG_WARN_OBJC_IMPLICIT_RETAIN_SELF = YES;
				CLANG_WARN_OBJC_LITERAL_CONVERSION = YES;
				CLANG_WARN_QUOTED_INCLUDE_IN_FRAMEWORK_HEADER = YES;
				CLANG_WARN_RANGE_LOOP_ANALYSIS = YES;
				CLANG_WARN_STRICT_PROTOTYPES = YES;
				CLANG_WARN_UNGUARDED_AVAILABILITY = YES_AGGRESSIVE;
				CODE_SIGN_STYLE = Automatic;
				COPY_PHASE_STRIP = NO;
				CURRENT_PROJECT_VERSION = 1;
				DEBUG_INFORMATION_FORMAT = "dwarf-with-dsym";
				DEVELOPMENT_TEAM = Q6VX3LF7ZM;
				FRAMEWORK_SEARCH_PATHS = (
					"$(inherited)",
					"$(PROJECT_DIR)",
					"$(PROJECT_DIR)/AsReaderDock",
					"$(PROJECT_DIR)/AsReaderGun",
				);
				GCC_C_LANGUAGE_STANDARD = gnu11;
				GENERATE_INFOPLIST_FILE = YES;
				IPHONEOS_DEPLOYMENT_TARGET = 11.0;
				MARKETING_VERSION = 1.0;
				MTL_FAST_MATH = YES;
				PRODUCT_BUNDLE_IDENTIFIER = com.xemelgo.RNEdgeDriverIOSTests;
				PRODUCT_NAME = "$(TARGET_NAME)";
				SWIFT_EMIT_LOC_STRINGS = NO;
				SWIFT_OPTIMIZATION_LEVEL = "-Owholemodule";
				SWIFT_VERSION = 5.0;
				TARGETED_DEVICE_FAMILY = "1,2";
			};
			name = Release;
		};
/* End XCBuildConfiguration section */

/* Begin XCConfigurationList section */
		58B511D61A9E6C8500147676 /* Build configuration list for PBXProject "RNEdgeDriverIOS" */ = {
			isa = XCConfigurationList;
			buildConfigurations = (
				58B511ED1A9E6C8500147676 /* Debug */,
				58B511EE1A9E6C8500147676 /* Release */,
			);
			defaultConfigurationIsVisible = 0;
			defaultConfigurationName = Release;
		};
		58B511EF1A9E6C8500147676 /* Build configuration list for PBXNativeTarget "RNEdgeDriverIOS" */ = {
			isa = XCConfigurationList;
			buildConfigurations = (
				58B511F01A9E6C8500147676 /* Debug */,
				58B511F11A9E6C8500147676 /* Release */,
			);
			defaultConfigurationIsVisible = 0;
			defaultConfigurationName = Release;
		};
		7ADBBC4628A43333006494F1 /* Build configuration list for PBXNativeTarget "RNEdgeDriverIOSTests" */ = {
			isa = XCConfigurationList;
			buildConfigurations = (
				7ADBBC4428A43333006494F1 /* Debug */,
				7ADBBC4528A43333006494F1 /* Release */,
			);
			defaultConfigurationIsVisible = 0;
			defaultConfigurationName = Release;
		};
/* End XCConfigurationList section */
	};
	rootObject = 58B511D31A9E6C8500147676 /* Project object */;
}
